
Microsoft Visual Studio Solution File, Format Version 12.00
# Visual Studio Version 17
VisualStudioVersion = 17.2.32602.215
MinimumVisualStudioVersion = 10.0.40219.1
Project("{8BC9CEB8-8B4A-11D0-8D11-00A0C91BC942}") = "test.18", "test.18\test.18.vcxproj", "{E2C0FD6A-E85F-4096-9938-C1506B769E3C}"
EndProject
Global
	GlobalSection(SolutionConfigurationPlatforms) = preSolution
		Debug|x64 = Debug|x64
		Debug|x86 = Debug|x86
		Release|x64 = Release|x64
		Release|x86 = Release|x86
	EndGlobalSection
	GlobalSection(ProjectConfigurationPlatforms) = postSolution
		{E2C0FD6A-E85F-4096-9938-C1506B769E3C}.Debug|x64.ActiveCfg = Debug|x64
		{E2C0FD6A-E85F-4096-9938-C1506B769E3C}.Debug|x64.Build.0 = Debug|x64
		{E2C0FD6A-E85F-4096-9938-C1506B769E3C}.Debug|x86.ActiveCfg = Debug|Win32
		{E2C0FD6A-E85F-4096-9938-C1506B769E3C}.Debug|x86.Build.0 = Debug|Win32
		{E2C0FD6A-E85F-4096-9938-C1506B769E3C}.Release|x64.ActiveCfg = Release|x64
		{E2C0FD6A-E85F-4096-9938-C1506B769E3C}.Release|x64.Build.0 = Release|x64
		{E2C0FD6A-E85F-4096-9938-C1506B769E3C}.Release|x86.ActiveCfg = Release|Win32
		{E2C0FD6A-E85F-4096-9938-C1506B769E3C}.Release|x86.Build.0 = Release|Win32
	EndGlobalSection
	GlobalSection(SolutionProperties) = preSolution
		HideSolutionNode = FALSE
	EndGlobalSection
	GlobalSection(ExtensibilityGlobals) = postSolution
		SolutionGuid = {E8B0344A-F1E9-48ED-B8C3-5EB343D38F12}
	EndGlobalSection
EndGlobal
